FallingBlock:
  title: FallingBlock
  min-player-count: 2
  max-player-count: 10
  waiting-time: 20
  time-limit: 120
  active: true
  icon: SAND
  view: true
  scoreboard: true
  location:
    ==: org.bukkit.Location
    world: world
    x: 0.0
    y: 4.0
    z: 0.0
    pitch: 0.0
    yaw: 0.0
  tutorial:
  - block will be disappeared after you stepped
  - 'remove block with step: +1'
  - 'fallen: die'
  custom-data:
    pos1:
      ==: org.bukkit.Location
      world: world
      x: 0.0
      y: 4.0
      z: 0.0
      pitch: 0.0
      yaw: 0.0
    pos2:
      ==: org.bukkit.Location
      world: world
      x: 0.0
      y: 4.0
      z: 0.0
      pitch: 0.0
      yaw: 0.0
    removingBlock: STONE
    chat: true
    score-notifying: true
    block-break: false
    block-place: false
    pvp: true
    pve: true
    inventory-save: true
    minigame-respawn: true
    live-gamemode: SURVIVAL
    dead-gamemode: SPECTATOR
    color: RESET
    food-level-change: true
    player-hurt: true
