FallingBlock:
  title: FallingBlock
  min-player-count: 2
  max-player-count: 4
  waiting-time: 20
  time-limit: 120
  active: true
  icon: SAND
  view: true
  scoreboard: true
  location:
    ==: org.bukkit.Location
    world: world
    x: -23.485580081998144
    y: 159.0
    z: 0.4488839600813399
    pitch: -0.14997007
    yaw: 87.75011
  tutorial:
  - block will be disappeared after you stepped
  - 'remove block with step: +1'
  - 'fallen: die'
  custom-data:
    pos1:
      ==: org.bukkit.Location
      world: world
      x: -31.0
      y: 158.0
      z: 5.0
      pitch: 0.0
      yaw: 0.0
    pos2:
      ==: org.bukkit.Location
      world: world
      x: -20.0
      y: 158.0
      z: -5.0
      pitch: 0.0
      yaw: 0.0
    removingBlock: STONE
    score-notifying: true
    block-break: false
    block-place: false
    pvp: true
    pve: true
    inventory-save: true
    minigame-respawn: true
    live-gamemode: SURVIVAL
    dead-gamemode: SPECTATOR
    color: RESET
    food-level-change: false
    player-hurt: true
    chat: true
